
Microsoft Visual Studio Solution File, Format Version 12.00
# Visual Studio Version 17
VisualStudioVersion = 17.6.33815.320
MinimumVisualStudioVersion = 10.0.40219.1
Project("{FAE04EC0-301F-11D3-BF4B-00C04F79EFBC}") = "Gateway", "Gateway.csproj", "{7A8366E9-7C2E-4D77-ACA4-0B37BC97348A}"
EndProject
Global
	GlobalSection(SolutionConfigurationPlatforms) = preSolution
		Debug|Any CPU = Debug|Any CPU
		Release|Any CPU = Release|Any CPU
	EndGlobalSection
	GlobalSection(ProjectConfigurationPlatforms) = postSolution
		{7A8366E9-7C2E-4D77-ACA4-0B37BC97348A}.Debug|Any CPU.ActiveCfg = Debug|Any CPU
		{7A8366E9-7C2E-4D77-ACA4-0B37BC97348A}.Debug|Any CPU.Build.0 = Debug|Any CPU
		{7A8366E9-7C2E-4D77-ACA4-0B37BC97348A}.Release|Any CPU.ActiveCfg = Release|Any CPU
		{7A8366E9-7C2E-4D77-ACA4-0B37BC97348A}.Release|Any CPU.Build.0 = Release|Any CPU
	EndGlobalSection
	GlobalSection(SolutionProperties) = preSolution
		HideSolutionNode = FALSE
	EndGlobalSection
	GlobalSection(ExtensibilityGlobals) = postSolution
		SolutionGuid = {FA8D8929-EDEF-434B-9637-B606E73FE5D1}
	EndGlobalSection
EndGlobal
