
Microsoft Visual Studio Solution File, Format Version 12.00
# Visual Studio Version 17
VisualStudioVersion = 17.6.33815.320
MinimumVisualStudioVersion = 10.0.40219.1
Project("{9A19103F-16F7-4668-BE54-9A1E7A4F7556}") = "Logistics", "Logistics.csproj", "{EA3B270A-0271-40FD-A8E0-3D4B774DFE8A}"
EndProject
Global
	GlobalSection(SolutionConfigurationPlatforms) = preSolution
		Debug|Any CPU = Debug|Any CPU
		Release|Any CPU = Release|Any CPU
	EndGlobalSection
	GlobalSection(ProjectConfigurationPlatforms) = postSolution
		{EA3B270A-0271-40FD-A8E0-3D4B774DFE8A}.Debug|Any CPU.ActiveCfg = Debug|Any CPU
		{EA3B270A-0271-40FD-A8E0-3D4B774DFE8A}.Debug|Any CPU.Build.0 = Debug|Any CPU
		{EA3B270A-0271-40FD-A8E0-3D4B774DFE8A}.Release|Any CPU.ActiveCfg = Release|Any CPU
		{EA3B270A-0271-40FD-A8E0-3D4B774DFE8A}.Release|Any CPU.Build.0 = Release|Any CPU
	EndGlobalSection
	GlobalSection(SolutionProperties) = preSolution
		HideSolutionNode = FALSE
	EndGlobalSection
	GlobalSection(ExtensibilityGlobals) = postSolution
		SolutionGuid = {609A05D3-D4DE-41F1-9945-DEE1741B9BA4}
	EndGlobalSection
EndGlobal
